PODS:
  - Flutter (1.0.0)
  - integration_test (0.0.1):
    - Flutter
  - permission_handler_apple (9.1.1):
    - Flutter
  - Tencent-MapFoundation (3.6.0)
  - Tencent-MapSDK (5.1.0):
    - Tencent-MapFoundation (>= 3.3.0)
  - tencent_map_flutter (0.0.1):
    - Flutter
    - Tencent-MapSDK (~> 5.1.0)

DEPENDENCIES:
  - Flutter (from `Flutter`)
  - integration_test (from `.symlinks/plugins/integration_test/ios`)
  - permission_handler_apple (from `.symlinks/plugins/permission_handler_apple/ios`)
  - tencent_map_flutter (from `.symlinks/plugins/tencent_map_flutter/ios`)

SPEC REPOS:
  trunk:
    - Tencent-MapFoundation
    - Tencent-MapSDK

EXTERNAL SOURCES:
  Flutter:
    :path: Flutter
  integration_test:
    :path: ".symlinks/plugins/integration_test/ios"
  permission_handler_apple:
    :path: ".symlinks/plugins/permission_handler_apple/ios"
  tencent_map_flutter:
    :path: ".symlinks/plugins/tencent_map_flutter/ios"

SPEC CHECKSUMS:
  Flutter: e0871f40cf51350855a761d2e70bf5af5b9b5de7
  integration_test: 13825b8a9334a850581300559b8839134b124670
  permission_handler_apple: e76247795d700c14ea09e3a2d8855d41ee80a2e6
  Tencent-MapFoundation: 0e99a06d9a7585960c273c3ab3163cb8ec3ad1c9
  Tencent-MapSDK: 3af9389c260dada3b351518afb4a919ea5f49ee5
  tencent_map_flutter: 6abee6c0ba2d063b3709fbc104fe3176400fe015

PODFILE CHECKSUM: 819463e6a0290f5a72f145ba7cde16e8b6ef0796

COCOAPODS: 1.15.2
